
Microsoft Visual Studio Solution File, Format Version 12.00
# Visual Studio Version 17
VisualStudioVersion = 17.5.002.0
MinimumVisualStudioVersion = 10.0.40219.1
Project("{9A19103F-16F7-4668-BE54-9A1E7A4F7556}") = "simple-game-programming-warm-up-William-Newson-Student", "simple-game-programming-warm-up-William-Newson-Student.csproj", "{4250956F-4B6D-4236-84E3-12B5FCE13D57}"
EndProject
Global
	GlobalSection(SolutionConfigurationPlatforms) = preSolution
		Debug|Any CPU = Debug|Any CPU
		Release|Any CPU = Release|Any CPU
	EndGlobalSection
	GlobalSection(ProjectConfigurationPlatforms) = postSolution
		{4250956F-4B6D-4236-84E3-12B5FCE13D57}.Debug|Any CPU.ActiveCfg = Debug|Any CPU
		{4250956F-4B6D-4236-84E3-12B5FCE13D57}.Debug|Any CPU.Build.0 = Debug|Any CPU
		{4250956F-4B6D-4236-84E3-12B5FCE13D57}.Release|Any CPU.ActiveCfg = Release|Any CPU
		{4250956F-4B6D-4236-84E3-12B5FCE13D57}.Release|Any CPU.Build.0 = Release|Any CPU
	EndGlobalSection
	GlobalSection(SolutionProperties) = preSolution
		HideSolutionNode = FALSE
	EndGlobalSection
	GlobalSection(ExtensibilityGlobals) = postSolution
		SolutionGuid = {7A1F33BB-1544-41EF-AD6B-E8D315A9B657}
	EndGlobalSection
EndGlobal
